{
  "nodes": {
    "emanote": {
      "inputs": {
        "flake-parts": "flake-parts",
        "haskell-flake": "haskell-flake",
        "nixpkgs": "nixpkgs"
      },
      "locked": {
        "lastModified": 1667078658,
        "narHash": "sha256-Y/MgWpQSlmgMNMS8s8sSPLI5YG+I3s83UJNerWKm8/s=",
        "owner": "EmaApps",
        "repo": "emanote",
        "rev": "792962c6bb65b8ac282d0b60bf68a740ae54b133",
        "type": "github"
      },
      "original": {
        "owner": "EmaApps",
        "repo": "emanote",
        "type": "github"
      }
    },
    "flake-parts": {
      "inputs": {
        "nixpkgs-lib": "nixpkgs-lib"
      },
      "locked": {
        "lastModified": 1666885127,
        "narHash": "sha256-uXA/3lhLhwOTBMn9a5zJODKqaRT+SuL5cpEmOz2ULoo=",
        "owner": "hercules-ci",
        "repo": "flake-parts",
        "rev": "0e101dbae756d35a376a5e1faea532608e4a4b9a",
        "type": "github"
      },
      "original": {
        "owner": "hercules-ci",
        "repo": "flake-parts",
        "type": "github"
      }
    },
    "flake-utils": {
      "locked": {
        "lastModified": 1667077288,
        "narHash": "sha256-bdC8sFNDpT0HK74u9fUkpbf1MEzVYJ+ka7NXCdgBoaA=",
        "owner": "numtide",
        "repo": "flake-utils",
        "rev": "6ee9ebb6b1ee695d2cacc4faa053a7b9baa76817",
        "type": "github"
      },
      "original": {
        "owner": "numtide",
        "repo": "flake-utils",
        "type": "github"
      }
    },
    "haedosa": {
      "inputs": {
        "home-manager": "home-manager",
        "home-manager-stable": "home-manager-stable",
        "nixpkgs": "nixpkgs_2",
        "nixpkgs-stable": "nixpkgs-stable"
      },
      "locked": {
        "lastModified": 1666998971,
        "narHash": "sha256-clPxKMveEtllrXl5VanImV1k4AmcV7PTMHXFyFeG6X4=",
        "owner": "haedosa",
        "repo": "flakes",
        "rev": "53d39234ed015c6c2cb4132d59a5f660446db8c5",
        "type": "github"
      },
      "original": {
        "owner": "haedosa",
        "repo": "flakes",
        "type": "github"
      }
    },
    "haskell-flake": {
      "locked": {
        "lastModified": 1666647145,
        "narHash": "sha256-Jzmm+BhUai/r8Qo2ZXYUnW3OIcy36OcMWNLPC7dF68E=",
        "owner": "srid",
        "repo": "haskell-flake",
        "rev": "2ef06a73fef2856fb5d0f5a8a7a4fef964e0d94f",
        "type": "github"
      },
      "original": {
        "owner": "srid",
        "repo": "haskell-flake",
        "type": "github"
      }
    },
    "home-manager": {
      "inputs": {
        "nixpkgs": [
          "haedosa",
          "nixpkgs"
        ],
        "utils": "utils"
      },
      "locked": {
        "lastModified": 1666990295,
        "narHash": "sha256-JPMTX8W36IPV1jmKV1qEhNBI4MbIPYsnccWyTUlSiG0=",
        "owner": "nix-community",
        "repo": "home-manager",
        "rev": "423211401c245934db5052e3867cac704f658544",
        "type": "github"
      },
      "original": {
        "owner": "nix-community",
        "repo": "home-manager",
        "type": "github"
      }
    },
    "home-manager-stable": {
      "inputs": {
        "nixpkgs": [
          "haedosa",
          "nixpkgs-stable"
        ]
      },
      "locked": {
        "lastModified": 1665996265,
        "narHash": "sha256-/k9og6LDBQwT+f/tJ5ClcWiUl8kCX5m6ognhsAxOiCY=",
        "owner": "nix-community",
        "repo": "home-manager",
        "rev": "b81e128fc053ab3159d7b464d9b7dedc9d6a6891",
        "type": "github"
      },
      "original": {
        "owner": "nix-community",
        "ref": "release-22.05",
        "repo": "home-manager",
        "type": "github"
      }
    },
    "nixpkgs": {
      "locked": {
        "lastModified": 1667023780,
        "narHash": "sha256-d/X572iYF2y9fbV8sd5Pqy39klCbGTtQXg69w5x+pvU=",
        "owner": "nixos",
        "repo": "nixpkgs",
        "rev": "4ede9091df31e1f4d1eb4e03ccbfe374b6f64ef5",
        "type": "github"
      },
      "original": {
        "owner": "nixos",
        "ref": "nixpkgs-unstable",
        "repo": "nixpkgs",
        "type": "github"
      }
    },
    "nixpkgs-lib": {
      "locked": {
        "dir": "lib",
        "lastModified": 1665349835,
        "narHash": "sha256-UK4urM3iN80UXQ7EaOappDzcisYIuEURFRoGQ/yPkug=",
        "owner": "NixOS",
        "repo": "nixpkgs",
        "rev": "34c5293a71ffdb2fe054eb5288adc1882c1eb0b1",
        "type": "github"
      },
      "original": {
        "dir": "lib",
        "owner": "NixOS",
        "ref": "nixos-unstable",
        "repo": "nixpkgs",
        "type": "github"
      }
    },
    "nixpkgs-stable": {
      "locked": {
        "lastModified": 1666961615,
        "narHash": "sha256-+Sqz6zQA85Q14U/KwsJO386oxd47zDte8dqBGOtRJGg=",
        "owner": "nixos",
        "repo": "nixpkgs",
        "rev": "040c6d8374d090f46ab0e99f1f7c27a4529ecffd",
        "type": "github"
      },
      "original": {
        "owner": "nixos",
        "ref": "nixos-22.05",
        "repo": "nixpkgs",
        "type": "github"
      }
    },
    "nixpkgs_2": {
      "locked": {
        "lastModified": 1667050928,
        "narHash": "sha256-xOn0ZgjImIyeecEsrjxuvlW7IW5genTwvvnDQRFncB8=",
        "owner": "nixos",
        "repo": "nixpkgs",
        "rev": "fdebb81f45a1ba2c4afca5fd9f526e1653ad0949",
        "type": "github"
      },
      "original": {
        "owner": "nixos",
        "ref": "nixos-unstable",
        "repo": "nixpkgs",
        "type": "github"
      }
    },
    "root": {
      "inputs": {
        "emanote": "emanote",
        "flake-utils": "flake-utils",
        "haedosa": "haedosa",
        "nixpkgs": [
          "haedosa",
          "nixpkgs"
        ]
      }
    },
    "utils": {
      "locked": {
        "lastModified": 1667077288,
        "narHash": "sha256-bdC8sFNDpT0HK74u9fUkpbf1MEzVYJ+ka7NXCdgBoaA=",
        "owner": "numtide",
        "repo": "flake-utils",
        "rev": "6ee9ebb6b1ee695d2cacc4faa053a7b9baa76817",
        "type": "github"
      },
      "original": {
        "owner": "numtide",
        "repo": "flake-utils",
        "type": "github"
      }
    }
  },
  "root": "root",
  "version": 7
}
