{
  "nodes": {
    "flake-utils": {
      "locked": {
        "lastModified": 1656928814,
        "narHash": "sha256-RIFfgBuKz6Hp89yRr7+NR5tzIAbn52h8vT6vXkYjZoM=",
        "owner": "numtide",
        "repo": "flake-utils",
        "rev": "7e2a3b3dfd9af950a856d66b0a7d01e3c18aa249",
        "type": "github"
      },
      "original": {
        "owner": "numtide",
        "ref": "master",
        "repo": "flake-utils",
        "type": "github"
      }
    },
    "haedosa": {
      "inputs": {
        "flake-utils": "flake-utils",
        "home-manager": "home-manager",
        "nixpkgs": "nixpkgs"
      },
      "locked": {
        "lastModified": 1659602623,
        "narHash": "sha256-+muRpXx5np2vhNbVXt8BGHXY/Wk0g5T5Tb1RHlSg3TA=",
        "owner": "haedosa",
        "repo": "flakes",
        "rev": "26c516db27f04a0b8f4b37c2a25d2d54a6313d2c",
        "type": "github"
      },
      "original": {
        "owner": "haedosa",
        "ref": "22.05",
        "repo": "flakes",
        "type": "github"
      }
    },
    "home-manager": {
      "inputs": {
        "nixpkgs": [
          "haedosa",
          "nixpkgs"
        ]
      },
      "locked": {
        "lastModified": 1656169755,
        "narHash": "sha256-Nlnm4jeQWEGjYrE6hxi/7HYHjBSZ/E0RtjCYifnNsWk=",
        "owner": "nix-community",
        "repo": "home-manager",
        "rev": "4a3d01fb53f52ac83194081272795aa4612c2381",
        "type": "github"
      },
      "original": {
        "owner": "nix-community",
        "ref": "release-22.05",
        "repo": "home-manager",
        "type": "github"
      }
    },
    "nixpkgs": {
      "locked": {
        "lastModified": 1659445012,
        "narHash": "sha256-n8/7npmp3hLbPSTRHPW8EPO8qh9vJ10RgkRM3Ve4vfc=",
        "owner": "nixos",
        "repo": "nixpkgs",
        "rev": "a9f66ae640146ac16b6e33d2359e9171b27b0993",
        "type": "github"
      },
      "original": {
        "owner": "nixos",
        "ref": "nixos-22.05",
        "repo": "nixpkgs",
        "type": "github"
      }
    },
    "root": {
      "inputs": {
        "flake-utils": [
          "haedosa",
          "flake-utils"
        ],
        "haedosa": "haedosa",
        "nixpkgs": [
          "haedosa",
          "nixpkgs"
        ]
      }
    }
  },
  "root": "root",
  "version": 7
}
